[root]
name = "rrun"
version = "0.0.6"
dependencies = [
 "env_logger 0.3.0 (registry+https://github.com/rust-lang/crates.io-index)",
 "gdk 0.0.1 (git+https://github.com/rust-gnome/gdk)",
 "gtk 0.0.1 (git+https://github.com/rust-gnome/gtk)",
 "log 0.3.1 (registry+https://github.com/rust-lang/crates.io-index)",
]

[[package]]
name = "bitflags"
version = "0.1.1"
source = "registry+https://github.com/rust-lang/crates.io-index"

[[package]]
name = "c_vec"
version = "1.0.12"
source = "registry+https://github.com/rust-lang/crates.io-index"

[[package]]
name = "cairo"
version = "0.0.1"
source = "git+https://github.com/rust-gnome/cairo#bc0f853cf350909bb37ed24f191ab9bd140211ba"
dependencies = [
 "c_vec 1.0.12 (registry+https://github.com/rust-lang/crates.io-index)",
 "cairo-sys 0.1.0 (git+https://github.com/rust-gnome/cairo)",
 "glib 0.0.1 (git+https://github.com/rust-gnome/glib)",
 "libc 0.1.7 (registry+https://github.com/rust-lang/crates.io-index)",
]

[[package]]
name = "cairo-sys"
version = "0.1.0"
source = "git+https://github.com/rust-gnome/cairo#bc0f853cf350909bb37ed24f191ab9bd140211ba"
dependencies = [
 "libc 0.1.7 (registry+https://github.com/rust-lang/crates.io-index)",
 "pkg-config 0.3.4 (registry+https://github.com/rust-lang/crates.io-index)",
]

[[package]]
name = "env_logger"
version = "0.3.0"
source = "registry+https://github.com/rust-lang/crates.io-index"
dependencies = [
 "log 0.3.1 (registry+https://github.com/rust-lang/crates.io-index)",
 "regex 0.1.30 (registry+https://github.com/rust-lang/crates.io-index)",
]

[[package]]
name = "gcc"
version = "0.3.5"
source = "registry+https://github.com/rust-lang/crates.io-index"

[[package]]
name = "gdk"
version = "0.0.1"
source = "git+https://github.com/rust-gnome/gdk#75aee5e19ce74ccfb2a0d54fd78d6bae3d3463e1"
dependencies = [
 "gdk-sys 0.1.0 (git+https://github.com/rust-gnome/gdk)",
 "glib 0.0.1 (git+https://github.com/rust-gnome/glib)",
 "glib-sys 0.1.0 (git+https://github.com/rust-gnome/glib)",
 "libc 0.1.7 (registry+https://github.com/rust-lang/crates.io-index)",
]

[[package]]
name = "gdk-sys"
version = "0.1.0"
source = "git+https://github.com/rust-gnome/gdk#75aee5e19ce74ccfb2a0d54fd78d6bae3d3463e1"
dependencies = [
 "bitflags 0.1.1 (registry+https://github.com/rust-lang/crates.io-index)",
 "glib-sys 0.1.0 (git+https://github.com/rust-gnome/glib)",
 "libc 0.1.7 (registry+https://github.com/rust-lang/crates.io-index)",
 "pkg-config 0.3.4 (registry+https://github.com/rust-lang/crates.io-index)",
]

[[package]]
name = "glib"
version = "0.0.1"
source = "git+https://github.com/rust-gnome/glib#2ad1f9286cae6f08f7087469355d2be74bfa61f1"
dependencies = [
 "glib-sys 0.1.0 (git+https://github.com/rust-gnome/glib)",
 "libc 0.1.7 (registry+https://github.com/rust-lang/crates.io-index)",
]

[[package]]
name = "glib-sys"
version = "0.1.0"
source = "git+https://github.com/rust-gnome/glib#2ad1f9286cae6f08f7087469355d2be74bfa61f1"
dependencies = [
 "libc 0.1.7 (registry+https://github.com/rust-lang/crates.io-index)",
 "pkg-config 0.3.4 (registry+https://github.com/rust-lang/crates.io-index)",
]

[[package]]
name = "gtk"
version = "0.0.1"
source = "git+https://github.com/rust-gnome/gtk#e2b9e5165718c52af0d05c93c81ef79d30eb2972"
dependencies = [
 "cairo 0.0.1 (git+https://github.com/rust-gnome/cairo)",
 "cairo-sys 0.1.0 (git+https://github.com/rust-gnome/cairo)",
 "gdk 0.0.1 (git+https://github.com/rust-gnome/gdk)",
 "gdk-sys 0.1.0 (git+https://github.com/rust-gnome/gdk)",
 "glib 0.0.1 (git+https://github.com/rust-gnome/glib)",
 "glib-sys 0.1.0 (git+https://github.com/rust-gnome/glib)",
 "gtk-sys 0.1.0 (git+https://github.com/rust-gnome/gtk)",
 "libc 0.1.7 (registry+https://github.com/rust-lang/crates.io-index)",
 "pango 0.0.1 (git+https://github.com/rust-gnome/pango)",
 "pango-sys 0.1.0 (git+https://github.com/rust-gnome/pango)",
]

[[package]]
name = "gtk-sys"
version = "0.1.0"
source = "git+https://github.com/rust-gnome/gtk#e2b9e5165718c52af0d05c93c81ef79d30eb2972"
dependencies = [
 "gcc 0.3.5 (registry+https://github.com/rust-lang/crates.io-index)",
 "gdk-sys 0.1.0 (git+https://github.com/rust-gnome/gdk)",
 "glib-sys 0.1.0 (git+https://github.com/rust-gnome/glib)",
 "libc 0.1.7 (registry+https://github.com/rust-lang/crates.io-index)",
 "pkg-config 0.3.4 (registry+https://github.com/rust-lang/crates.io-index)",
]

[[package]]
name = "libc"
version = "0.1.7"
source = "registry+https://github.com/rust-lang/crates.io-index"

[[package]]
name = "log"
version = "0.3.1"
source = "registry+https://github.com/rust-lang/crates.io-index"
dependencies = [
 "libc 0.1.7 (registry+https://github.com/rust-lang/crates.io-index)",
]

[[package]]
name = "pango"
version = "0.0.1"
source = "git+https://github.com/rust-gnome/pango#55c9108874f2bdc180289420924d5362f577b752"
dependencies = [
 "libc 0.1.7 (registry+https://github.com/rust-lang/crates.io-index)",
 "pango-sys 0.1.0 (git+https://github.com/rust-gnome/pango)",
]

[[package]]
name = "pango-sys"
version = "0.1.0"
source = "git+https://github.com/rust-gnome/pango#55c9108874f2bdc180289420924d5362f577b752"
dependencies = [
 "glib-sys 0.1.0 (git+https://github.com/rust-gnome/glib)",
 "libc 0.1.7 (registry+https://github.com/rust-lang/crates.io-index)",
 "pkg-config 0.3.4 (registry+https://github.com/rust-lang/crates.io-index)",
]

[[package]]
name = "pkg-config"
version = "0.3.4"
source = "registry+https://github.com/rust-lang/crates.io-index"

[[package]]
name = "regex"
version = "0.1.30"
source = "registry+https://github.com/rust-lang/crates.io-index"

